
Microsoft Visual Studio Solution File, Format Version 12.00
# Visual Studio Version 17
VisualStudioVersion = 17.10.35013.160
MinimumVisualStudioVersion = 10.0.40219.1
Project("{FAE04EC0-301F-11D3-BF4B-00C04F79EFBC}") = "LibraryManagementSystem", "LibraryManagementSystem.csproj", "{1D88A219-63DC-4B0A-9E20-D470BD4B23DF}"
EndProject
Global
	GlobalSection(SolutionConfigurationPlatforms) = preSolution
		Debug|Any CPU = Debug|Any CPU
		Release|Any CPU = Release|Any CPU
	EndGlobalSection
	GlobalSection(ProjectConfigurationPlatforms) = postSolution
		{1D88A219-63DC-4B0A-9E20-D470BD4B23DF}.Debug|Any CPU.ActiveCfg = Debug|Any CPU
		{1D88A219-63DC-4B0A-9E20-D470BD4B23DF}.Debug|Any CPU.Build.0 = Debug|Any CPU
		{1D88A219-63DC-4B0A-9E20-D470BD4B23DF}.Release|Any CPU.ActiveCfg = Release|Any CPU
		{1D88A219-63DC-4B0A-9E20-D470BD4B23DF}.Release|Any CPU.Build.0 = Release|Any CPU
	EndGlobalSection
	GlobalSection(SolutionProperties) = preSolution
		HideSolutionNode = FALSE
	EndGlobalSection
	GlobalSection(ExtensibilityGlobals) = postSolution
		SolutionGuid = {46CC76A0-6D96-471C-A2A4-4BE8E0AB4654}
	EndGlobalSection
EndGlobal
